
Microsoft Visual Studio Solution File, Format Version 12.00
# Visual Studio Version 16
VisualStudioVersion = 16.0.29709.97
MinimumVisualStudioVersion = 10.0.40219.1
Project("{FAE04EC0-301F-11D3-BF4B-00C04F79EFBC}") = "Polynomial", "Polynomial\Polynomial.csproj", "{B2D27F0D-E47F-42BA-B947-AD4C73D21173}"
EndProject
Project("{FAE04EC0-301F-11D3-BF4B-00C04F79EFBC}") = "TestPolynomial", "TestPolynomial\TestPolynomial.csproj", "{A0CAE222-3F34-4948-B98E-F2BAF2E346BF}"
EndProject
Global
	GlobalSection(SolutionConfigurationPlatforms) = preSolution
		Debug|Any CPU = Debug|Any CPU
		Release|Any CPU = Release|Any CPU
	EndGlobalSection
	GlobalSection(ProjectConfigurationPlatforms) = postSolution
		{B2D27F0D-E47F-42BA-B947-AD4C73D21173}.Debug|Any CPU.ActiveCfg = Debug|Any CPU
		{B2D27F0D-E47F-42BA-B947-AD4C73D21173}.Debug|Any CPU.Build.0 = Debug|Any CPU
		{B2D27F0D-E47F-42BA-B947-AD4C73D21173}.Release|Any CPU.ActiveCfg = Release|Any CPU
		{B2D27F0D-E47F-42BA-B947-AD4C73D21173}.Release|Any CPU.Build.0 = Release|Any CPU
		{A0CAE222-3F34-4948-B98E-F2BAF2E346BF}.Debug|Any CPU.ActiveCfg = Debug|Any CPU
		{A0CAE222-3F34-4948-B98E-F2BAF2E346BF}.Debug|Any CPU.Build.0 = Debug|Any CPU
		{A0CAE222-3F34-4948-B98E-F2BAF2E346BF}.Release|Any CPU.ActiveCfg = Release|Any CPU
		{A0CAE222-3F34-4948-B98E-F2BAF2E346BF}.Release|Any CPU.Build.0 = Release|Any CPU
	EndGlobalSection
	GlobalSection(SolutionProperties) = preSolution
		HideSolutionNode = FALSE
	EndGlobalSection
	GlobalSection(ExtensibilityGlobals) = postSolution
		SolutionGuid = {14CE2402-44F4-4090-AC7F-37161A01F246}
	EndGlobalSection
EndGlobal
